# THIS IS AN AUTOGENERATED FILE. DO NOT EDIT THIS FILE DIRECTLY.
# yarn lockfile v1


fs@0.0.1-security:
  version "0.0.1-security"
  resolved "https://registry.yarnpkg.com/fs/-/fs-0.0.1-security.tgz#8a7bd37186b6dddf3813f23858b57ecaaf5e41d4"
  integrity sha1-invTcYa23d84E/I4WLV+yq9eQdQ=

read-file@^0.2.0:
  version "0.2.0"
  resolved "https://registry.yarnpkg.com/read-file/-/read-file-0.2.0.tgz#70c6baf8842ec7d1540f981fd0e6aed4c81bd545"
  integrity sha1-cMa6+IQux9FUD5gf0Oau1Mgb1UU=
